
Microsoft Visual Studio Solution File, Format Version 12.00
# Visual Studio Version 17
VisualStudioVersion = 17.9.34728.123
MinimumVisualStudioVersion = 10.0.40219.1
Project("{FAE04EC0-301F-11D3-BF4B-00C04F79EFBC}") = "TheFountainOfObjects", "TheFountainOfObjects.csproj", "{401923A6-9B1C-470D-983C-83F50BDE8514}"
EndProject
Global
	GlobalSection(SolutionConfigurationPlatforms) = preSolution
		Debug|Any CPU = Debug|Any CPU
		Release|Any CPU = Release|Any CPU
	EndGlobalSection
	GlobalSection(ProjectConfigurationPlatforms) = postSolution
		{401923A6-9B1C-470D-983C-83F50BDE8514}.Debug|Any CPU.ActiveCfg = Debug|Any CPU
		{401923A6-9B1C-470D-983C-83F50BDE8514}.Debug|Any CPU.Build.0 = Debug|Any CPU
		{401923A6-9B1C-470D-983C-83F50BDE8514}.Release|Any CPU.ActiveCfg = Release|Any CPU
		{401923A6-9B1C-470D-983C-83F50BDE8514}.Release|Any CPU.Build.0 = Release|Any CPU
	EndGlobalSection
	GlobalSection(SolutionProperties) = preSolution
		HideSolutionNode = FALSE
	EndGlobalSection
	GlobalSection(ExtensibilityGlobals) = postSolution
		SolutionGuid = {8C229877-EBFA-4FBA-9B13-B9B19A04FC79}
	EndGlobalSection
EndGlobal
