
Microsoft Visual Studio Solution File, Format Version 12.00
# Visual Studio Version 17
VisualStudioVersion = 17.9.34728.123
MinimumVisualStudioVersion = 10.0.40219.1
Project("{FAE04EC0-301F-11D3-BF4B-00C04F79EFBC}") = "ExeptisGame", "ExeptisGame.csproj", "{7C9BBE52-FF9B-48E0-8C77-115C746619BF}"
EndProject
Global
	GlobalSection(SolutionConfigurationPlatforms) = preSolution
		Debug|Any CPU = Debug|Any CPU
		Release|Any CPU = Release|Any CPU
	EndGlobalSection
	GlobalSection(ProjectConfigurationPlatforms) = postSolution
		{7C9BBE52-FF9B-48E0-8C77-115C746619BF}.Debug|Any CPU.ActiveCfg = Debug|Any CPU
		{7C9BBE52-FF9B-48E0-8C77-115C746619BF}.Debug|Any CPU.Build.0 = Debug|Any CPU
		{7C9BBE52-FF9B-48E0-8C77-115C746619BF}.Release|Any CPU.ActiveCfg = Release|Any CPU
		{7C9BBE52-FF9B-48E0-8C77-115C746619BF}.Release|Any CPU.Build.0 = Release|Any CPU
	EndGlobalSection
	GlobalSection(SolutionProperties) = preSolution
		HideSolutionNode = FALSE
	EndGlobalSection
	GlobalSection(ExtensibilityGlobals) = postSolution
		SolutionGuid = {473E39CD-752A-45A0-9E1D-69CDE39150F6}
	EndGlobalSection
EndGlobal
