
Microsoft Visual Studio Solution File, Format Version 12.00
# Visual Studio Version 17
VisualStudioVersion = 17.9.34728.123
MinimumVisualStudioVersion = 10.0.40219.1
Project("{FAE04EC0-301F-11D3-BF4B-00C04F79EFBC}") = "ConvertingDirectionsToOffsets", "ConvertingDirectionsToOffsets.csproj", "{93100D70-4CA7-49DF-858E-96F8B8CA1A23}"
EndProject
Global
	GlobalSection(SolutionConfigurationPlatforms) = preSolution
		Debug|Any CPU = Debug|Any CPU
		Release|Any CPU = Release|Any CPU
	EndGlobalSection
	GlobalSection(ProjectConfigurationPlatforms) = postSolution
		{93100D70-4CA7-49DF-858E-96F8B8CA1A23}.Debug|Any CPU.ActiveCfg = Debug|Any CPU
		{93100D70-4CA7-49DF-858E-96F8B8CA1A23}.Debug|Any CPU.Build.0 = Debug|Any CPU
		{93100D70-4CA7-49DF-858E-96F8B8CA1A23}.Release|Any CPU.ActiveCfg = Release|Any CPU
		{93100D70-4CA7-49DF-858E-96F8B8CA1A23}.Release|Any CPU.Build.0 = Release|Any CPU
	EndGlobalSection
	GlobalSection(SolutionProperties) = preSolution
		HideSolutionNode = FALSE
	EndGlobalSection
	GlobalSection(ExtensibilityGlobals) = postSolution
		SolutionGuid = {F0B3296F-172E-4BC8-866D-7CED0F478715}
	EndGlobalSection
EndGlobal
